
Microsoft Visual Studio Solution File, Format Version 12.00
# Visual Studio Version 16
VisualStudioVersion = 16.0.809.8
MinimumVisualStudioVersion = 10.0.40219.1
Project("{FAE04EC0-301F-11D3-BF4B-00C04F79EFBC}") = "Deliverable2", "Deliverable2\Deliverable2.csproj", "{1E79DDE6-F708-433B-97D5-7BD111218640}"
EndProject
Global
	GlobalSection(SolutionConfigurationPlatforms) = preSolution
		Debug|Any CPU = Debug|Any CPU
		Release|Any CPU = Release|Any CPU
	EndGlobalSection
	GlobalSection(ProjectConfigurationPlatforms) = postSolution
		{1E79DDE6-F708-433B-97D5-7BD111218640}.Debug|Any CPU.ActiveCfg = Debug|Any CPU
		{1E79DDE6-F708-433B-97D5-7BD111218640}.Debug|Any CPU.Build.0 = Debug|Any CPU
		{1E79DDE6-F708-433B-97D5-7BD111218640}.Release|Any CPU.ActiveCfg = Release|Any CPU
		{1E79DDE6-F708-433B-97D5-7BD111218640}.Release|Any CPU.Build.0 = Release|Any CPU
	EndGlobalSection
	GlobalSection(SolutionProperties) = preSolution
		HideSolutionNode = FALSE
	EndGlobalSection
	GlobalSection(ExtensibilityGlobals) = postSolution
		SolutionGuid = {6D357300-86EA-4365-806B-5AD3D7625570}
	EndGlobalSection
EndGlobal
